# This file was autogenerated by Stack.
# You should not edit this file by hand.
# For more information, please see the documentation at:
#   https://docs.haskellstack.org/en/stable/lock_files

packages:
- completed:
    hackage: generic-arbitrary-1.0.1@sha256:677fca5829b5691e3527bcfe8499300c393ec5d10ec2d4cffe8e63a1ca647c0b,3459
    pantry-tree:
      sha256: 38783a7c474443404b797d9acbf1dfe3fd9afdd193eea4c42e26d9d82b2b3c39
      size: 702
  original:
    hackage: generic-arbitrary-1.0.1
snapshots:
- completed:
    sha256: 42f77c84b34f68c30c2cd0bf8c349f617a0f428264362426290847a6a2019b64
    size: 649618
    url: https://raw.githubusercontent.com/commercialhaskell/stackage-snapshots/master/lts/20/19.yaml
  original: lts-20.19
